
Microsoft Visual Studio Solution File, Format Version 12.00
# Visual Studio Version 16
VisualStudioVersion = 16.0.32002.261
MinimumVisualStudioVersion = 10.0.40219.1
Project("{FAE04EC0-301F-11D3-BF4B-00C04F79EFBC}") = "DatabaseProject", "DatabaseProject\DatabaseProject.csproj", "{74CDCC94-AE33-45F1-9687-1AEE0AF5AD62}"
EndProject
Global
	GlobalSection(SolutionConfigurationPlatforms) = preSolution
		Debug|Any CPU = Debug|Any CPU
		Release|Any CPU = Release|Any CPU
	EndGlobalSection
	GlobalSection(ProjectConfigurationPlatforms) = postSolution
		{74CDCC94-AE33-45F1-9687-1AEE0AF5AD62}.Debug|Any CPU.ActiveCfg = Debug|Any CPU
		{74CDCC94-AE33-45F1-9687-1AEE0AF5AD62}.Debug|Any CPU.Build.0 = Debug|Any CPU
		{74CDCC94-AE33-45F1-9687-1AEE0AF5AD62}.Release|Any CPU.ActiveCfg = Release|Any CPU
		{74CDCC94-AE33-45F1-9687-1AEE0AF5AD62}.Release|Any CPU.Build.0 = Release|Any CPU
	EndGlobalSection
	GlobalSection(SolutionProperties) = preSolution
		HideSolutionNode = FALSE
	EndGlobalSection
	GlobalSection(ExtensibilityGlobals) = postSolution
		SolutionGuid = {3DA7BCCE-2F71-4F22-B384-95E8CC34819B}
	EndGlobalSection
EndGlobal
